
Microsoft Visual Studio Solution File, Format Version 12.00
# Visual Studio Version 17
VisualStudioVersion = 17.1.32210.238
MinimumVisualStudioVersion = 10.0.40219.1
Project("{FAE04EC0-301F-11D3-BF4B-00C04F79EFBC}") = "PasswordValidatorWPFSimple", "PasswordValidatorWPFSimple\PasswordValidatorWPFSimple.csproj", "{DD19F796-2F6A-4503-B5EE-037DBFD89F18}"
EndProject
Global
	GlobalSection(SolutionConfigurationPlatforms) = preSolution
		Debug|Any CPU = Debug|Any CPU
		Release|Any CPU = Release|Any CPU
	EndGlobalSection
	GlobalSection(ProjectConfigurationPlatforms) = postSolution
		{DD19F796-2F6A-4503-B5EE-037DBFD89F18}.Debug|Any CPU.ActiveCfg = Debug|Any CPU
		{DD19F796-2F6A-4503-B5EE-037DBFD89F18}.Debug|Any CPU.Build.0 = Debug|Any CPU
		{DD19F796-2F6A-4503-B5EE-037DBFD89F18}.Release|Any CPU.ActiveCfg = Release|Any CPU
		{DD19F796-2F6A-4503-B5EE-037DBFD89F18}.Release|Any CPU.Build.0 = Release|Any CPU
	EndGlobalSection
	GlobalSection(SolutionProperties) = preSolution
		HideSolutionNode = FALSE
	EndGlobalSection
	GlobalSection(ExtensibilityGlobals) = postSolution
		SolutionGuid = {BDB3D554-4740-43B2-847B-63A86D3F1F22}
	EndGlobalSection
EndGlobal
